version = 1
revision = 3
requires-python = ">=3.10"

[[package]]
name = "agent"
source = { editable = "." }
dependencies = [
    { name = "libvirt-python" },
]

[package.metadata]
requires-dist = [{ name = "libvirt-python", specifier = ">=11.9.0" }]

[[package]]
name = "libvirt-python"
version = "11.9.0"
source = { registry = "https://pypi.org/simple" }
sdist = { url = "https://files.pythonhosted.org/packages/b0/90/eabf6f17077f054f40b41976832fdd2e4d7de72d879e65f5b3f128eb2e6b/libvirt_python-11.9.0.tar.gz", hash = "sha256:dc54b8ab3581118af1bd64c5847d03c946e2f19b6cf8bf9d18fd8b75d7a70181", size = 243243, upload-time = "2025-11-03T11:31:43.628Z" }
